{
  "version": 4,
  "terraform_version": "1.4.6",
  "serial": 427,
  "lineage": "52e059d1-7634-62d0-6c53-1cd6efa4a3ba",
  "outputs": {
    "kubernetes_cluster_host": {
      "value": "10.11.0.2",
      "type": "string"
    },
    "kubernetes_cluster_name": {
      "value": "my-gke-cluster",
      "type": "string"
    }
  },
  "resources": [
    {
      "mode": "managed",
      "type": "google_compute_address",
      "name": "static",
      "provider": "provider[\"registry.terraform.io/hashicorp/google\"]",
      "instances": [
        {
          "schema_version": 0,
          "attributes": {
            "address": "34.91.206.191",
            "address_type": "EXTERNAL",
            "creation_timestamp": "2023-05-15T12:17:54.255-07:00",
            "description": "External address for WireGuard",
            "id": "projects/pa-nteekens-2/regions/europe-west4/addresses/wireguard-ip",
            "name": "wireguard-ip",
            "network": "",
            "network_tier": "PREMIUM",
            "prefix_length": 0,
            "project": "pa-nteekens-2",
            "purpose": "",
            "region": "europe-west4",
            "self_link": "https://www.googleapis.com/compute/v1/projects/pa-nteekens-2/regions/europe-west4/addresses/wireguard-ip",
            "subnetwork": "",
            "timeouts": null,
            "users": [
              "https://www.googleapis.com/compute/v1/projects/pa-nteekens-2/zones/europe-west4-a/instances/wireguard"
            ]
          },
          "sensitive_attributes": [],
          "private": "eyJlMmJmYjczMC1lY2FhLTExZTYtOGY4OC0zNDM2M2JjN2M0YzAiOnsiY3JlYXRlIjoyNDAwMDAwMDAwMDAsImRlbGV0ZSI6MjQwMDAwMDAwMDAwfX0="
        }
      ]
    },
    {
      "mode": "managed",
      "type": "google_compute_firewall",
      "name": "ssh-rule",
      "provider": "provider[\"registry.terraform.io/hashicorp/google\"]",
      "instances": [
        {
          "schema_version": 1,
          "attributes": {
            "allow": [
              {
                "ports": [
                  "22"
                ],
                "protocol": "tcp"
              }
            ],
            "creation_timestamp": "2023-05-15T12:18:15.806-07:00",
            "deny": [],
            "description": "",
            "destination_ranges": [],
            "direction": "INGRESS",
            "disabled": false,
            "enable_logging": null,
            "id": "projects/pa-nteekens-2/global/firewalls/tanzu-ssh",
            "log_config": [],
            "name": "tanzu-ssh",
            "network": "https://www.googleapis.com/compute/v1/projects/pa-nteekens-2/global/networks/tanzu",
            "priority": 1000,
            "project": "pa-nteekens-2",
            "self_link": "https://www.googleapis.com/compute/v1/projects/pa-nteekens-2/global/firewalls/tanzu-ssh",
            "source_ranges": [
              "0.0.0.0/0"
            ],
            "source_service_accounts": [],
            "source_tags": [],
            "target_service_accounts": [],
            "target_tags": [],
            "timeouts": null
          },
          "sensitive_attributes": [],
          "private": "eyJlMmJmYjczMC1lY2FhLTExZTYtOGY4OC0zNDM2M2JjN2M0YzAiOnsiY3JlYXRlIjoyNDAwMDAwMDAwMDAsImRlbGV0ZSI6MjQwMDAwMDAwMDAwLCJ1cGRhdGUiOjI0MDAwMDAwMDAwMH0sInNjaGVtYV92ZXJzaW9uIjoiMSJ9",
          "dependencies": [
            "google_compute_network.vpc"
          ]
        }
      ]
    },
    {
      "mode": "managed",
      "type": "google_compute_firewall",
      "name": "tanzu-icmp",
      "provider": "provider[\"registry.terraform.io/hashicorp/google\"]",
      "instances": [
        {
          "schema_version": 1,
          "attributes": {
            "allow": [
              {
                "ports": [],
                "protocol": "icmp"
              }
            ],
            "creation_timestamp": "2023-05-15T12:18:15.973-07:00",
            "deny": [],
            "description": "",
            "destination_ranges": [],
            "direction": "INGRESS",
            "disabled": false,
            "enable_logging": null,
            "id": "projects/pa-nteekens-2/global/firewalls/tanzu-icmp",
            "log_config": [],
            "name": "tanzu-icmp",
            "network": "https://www.googleapis.com/compute/v1/projects/pa-nteekens-2/global/networks/tanzu",
            "priority": 1000,
            "project": "pa-nteekens-2",
            "self_link": "https://www.googleapis.com/compute/v1/projects/pa-nteekens-2/global/firewalls/tanzu-icmp",
            "source_ranges": [
              "0.0.0.0/0"
            ],
            "source_service_accounts": [],
            "source_tags": [],
            "target_service_accounts": [],
            "target_tags": [],
            "timeouts": null
          },
          "sensitive_attributes": [],
          "private": "eyJlMmJmYjczMC1lY2FhLTExZTYtOGY4OC0zNDM2M2JjN2M0YzAiOnsiY3JlYXRlIjoyNDAwMDAwMDAwMDAsImRlbGV0ZSI6MjQwMDAwMDAwMDAwLCJ1cGRhdGUiOjI0MDAwMDAwMDAwMH0sInNjaGVtYV92ZXJzaW9uIjoiMSJ9",
          "dependencies": [
            "google_compute_network.vpc"
          ]
        }
      ]
    },
    {
      "mode": "managed",
      "type": "google_compute_firewall",
      "name": "wg-rule",
      "provider": "provider[\"registry.terraform.io/hashicorp/google\"]",
      "instances": [
        {
          "schema_version": 1,
          "attributes": {
            "allow": [
              {
                "ports": [
                  "51820"
                ],
                "protocol": "udp"
              }
            ],
            "creation_timestamp": "2023-05-15T12:18:15.808-07:00",
            "deny": [],
            "description": "",
            "destination_ranges": [],
            "direction": "INGRESS",
            "disabled": false,
            "enable_logging": null,
            "id": "projects/pa-nteekens-2/global/firewalls/tanzu-wireguard",
            "log_config": [],
            "name": "tanzu-wireguard",
            "network": "https://www.googleapis.com/compute/v1/projects/pa-nteekens-2/global/networks/tanzu",
            "priority": 1000,
            "project": "pa-nteekens-2",
            "self_link": "https://www.googleapis.com/compute/v1/projects/pa-nteekens-2/global/firewalls/tanzu-wireguard",
            "source_ranges": [
              "0.0.0.0/0"
            ],
            "source_service_accounts": [],
            "source_tags": [],
            "target_service_accounts": [],
            "target_tags": [],
            "timeouts": null
          },
          "sensitive_attributes": [],
          "private": "eyJlMmJmYjczMC1lY2FhLTExZTYtOGY4OC0zNDM2M2JjN2M0YzAiOnsiY3JlYXRlIjoyNDAwMDAwMDAwMDAsImRlbGV0ZSI6MjQwMDAwMDAwMDAwLCJ1cGRhdGUiOjI0MDAwMDAwMDAwMH0sInNjaGVtYV92ZXJzaW9uIjoiMSJ9",
          "dependencies": [
            "google_compute_network.vpc"
          ]
        }
      ]
    },
    {
      "mode": "managed",
      "type": "google_compute_instance",
      "name": "test-vm",
      "provider": "provider[\"registry.terraform.io/hashicorp/google\"]",
      "instances": [
        {
          "schema_version": 6,
          "attributes": {
            "advanced_machine_features": [],
            "allow_stopping_for_update": null,
            "attached_disk": [],
            "boot_disk": [
              {
                "auto_delete": true,
                "device_name": "persistent-disk-0",
                "disk_encryption_key_raw": "",
                "disk_encryption_key_sha256": "",
                "initialize_params": [
                  {
                    "image": "https://www.googleapis.com/compute/v1/projects/debian-cloud/global/images/debian-11-bullseye-v20230509",
                    "labels": {},
                    "size": 10,
                    "type": "pd-standard"
                  }
                ],
                "kms_key_self_link": "",
                "mode": "READ_WRITE",
                "source": "https://www.googleapis.com/compute/v1/projects/pa-nteekens-2/zones/europe-west4-a/disks/test"
              }
            ],
            "can_ip_forward": false,
            "confidential_instance_config": [],
            "cpu_platform": "Intel Broadwell",
            "current_status": "RUNNING",
            "deletion_protection": false,
            "description": "",
            "desired_status": null,
            "enable_display": false,
            "guest_accelerator": [],
            "hostname": "",
            "id": "projects/pa-nteekens-2/zones/europe-west4-a/instances/test",
            "instance_id": "4338136251649440609",
            "label_fingerprint": "42WmSpB8rSM=",
            "labels": {},
            "machine_type": "e2-micro",
            "metadata": {},
            "metadata_fingerprint": "fg3OcWCzYWA=",
            "metadata_startup_script": null,
            "min_cpu_platform": "",
            "name": "test",
            "network_interface": [
              {
                "access_config": [],
                "alias_ip_range": [],
                "ipv6_access_config": [],
                "ipv6_access_type": "",
                "name": "nic0",
                "network": "https://www.googleapis.com/compute/v1/projects/pa-nteekens-2/global/networks/tanzu",
                "network_ip": "10.10.0.3",
                "nic_type": "",
                "queue_count": 0,
                "stack_type": "IPV4_ONLY",
                "subnetwork": "https://www.googleapis.com/compute/v1/projects/pa-nteekens-2/regions/europe-west4/subnetworks/tanzu",
                "subnetwork_project": "pa-nteekens-2"
              }
            ],
            "project": "pa-nteekens-2",
            "reservation_affinity": [],
            "resource_policies": [],
            "scheduling": [
              {
                "automatic_restart": true,
                "min_node_cpus": 0,
                "node_affinities": [],
                "on_host_maintenance": "MIGRATE",
                "preemptible": false
              }
            ],
            "scratch_disk": [],
            "self_link": "https://www.googleapis.com/compute/v1/projects/pa-nteekens-2/zones/europe-west4-a/instances/test",
            "service_account": [],
            "shielded_instance_config": [
              {
                "enable_integrity_monitoring": true,
                "enable_secure_boot": false,
                "enable_vtpm": true
              }
            ],
            "tags": [],
            "tags_fingerprint": "42WmSpB8rSM=",
            "timeouts": null,
            "zone": "europe-west4-a"
          },
          "sensitive_attributes": [],
          "private": "eyJlMmJmYjczMC1lY2FhLTExZTYtOGY4OC0zNDM2M2JjN2M0YzAiOnsiY3JlYXRlIjoxMjAwMDAwMDAwMDAwLCJkZWxldGUiOjEyMDAwMDAwMDAwMDAsInVwZGF0ZSI6MTIwMDAwMDAwMDAwMH0sInNjaGVtYV92ZXJzaW9uIjoiNiJ9",
          "dependencies": [
            "google_compute_network.vpc",
            "google_compute_subnetwork.subnet"
          ]
        }
      ]
    },
    {
      "mode": "managed",
      "type": "google_compute_instance",
      "name": "wireguard-vm",
      "provider": "provider[\"registry.terraform.io/hashicorp/google\"]",
      "instances": [
        {
          "schema_version": 6,
          "attributes": {
            "advanced_machine_features": [],
            "allow_stopping_for_update": null,
            "attached_disk": [],
            "boot_disk": [
              {
                "auto_delete": true,
                "device_name": "persistent-disk-0",
                "disk_encryption_key_raw": "",
                "disk_encryption_key_sha256": "",
                "initialize_params": [
                  {
                    "image": "https://www.googleapis.com/compute/v1/projects/debian-cloud/global/images/debian-11-bullseye-v20230509",
                    "labels": {},
                    "size": 10,
                    "type": "pd-standard"
                  }
                ],
                "kms_key_self_link": "",
                "mode": "READ_WRITE",
                "source": "https://www.googleapis.com/compute/v1/projects/pa-nteekens-2/zones/europe-west4-a/disks/wireguard"
              }
            ],
            "can_ip_forward": true,
            "confidential_instance_config": [],
            "cpu_platform": "Intel Broadwell",
            "current_status": "RUNNING",
            "deletion_protection": false,
            "description": "",
            "desired_status": null,
            "enable_display": false,
            "guest_accelerator": [],
            "hostname": "",
            "id": "projects/pa-nteekens-2/zones/europe-west4-a/instances/wireguard",
            "instance_id": "3634381550684945249",
            "label_fingerprint": "42WmSpB8rSM=",
            "labels": {},
            "machine_type": "e2-medium",
            "metadata": {},
            "metadata_fingerprint": "wi1kBcIcnZE=",
            "metadata_startup_script": "#!/bin/bash\nFLAG=\"/var/log/firstboot.log\"\nif [[ -f $FLAG ]]; then\n  logger \"=================Not first boot. Abort script===============\"\n  exit 0\nfi\n\nlogger \"=================First boot. Writing flag==================\"\ntouch \"$FLAG\"\n\n#Enable IP forwarding\nsed -i 's/#net.ipv4.ip_forward=1/net.ipv4.ip_forward=1/' /etc/sysctl.conf\nsysctl -p\n\n#Update and install wireguard\napt-get remove -y --purge man-db\napt-get update \u0026\u0026 apt upgrade -y\napt-get install ufw wireguard wireguard-tools linux-headers-$(uname -r) -y\n\n#generate keys on server\nwg genkey | sudo tee /etc/wireguard/server_private.key | wg pubkey | sudo tee /etc/wireguard/server_public.key\n\n#Create the WireGuard Network Device\nPRIVATEKEY=\"$(cat /etc/wireguard/server_private.key)\"\nDEFAULTNIC=$(ip -o -4 route show to default | awk '{print $5}')\ncat \u003c\u003c CONF \u003e /etc/wireguard/wg0.conf\n[Interface]\nAddress = 192.168.15.1/24\nListenPort = 51820\nPrivateKey = $PRIVATEKEY # Contents of file wg-private.key that was recently created\nListenPort = 51820\n\n# Routing\nPostUp = iptables -A FORWARD -i %i -j ACCEPT; iptables -t nat -A POSTROUTING -o $DEFAULTNIC -j MASQUERADE\nPostDown = iptables -D FORWARD -i %i -j ACCEPT; iptables -t nat -D POSTROUTING -o $DEFAULTNIC -j MASQUERADE\nSaveConfig = true\n\n#Peer section, add client data here\n[Peer]\nPublicKey = UqjIBIcx4FLq/IpIciP6fZ9diR18ryvQy+6Km/k5UXU=# Public key from client device\nAllowedIPs = 192.168.15.2/32 # the IP address of the client on the WireGuard network\nCONF\n\n\n# Create wireguard network device at /etc/network/interfaces.d/wg0\n#cat \u003c\u003c WG0-DEVICE \u003e/etc/network/interfaces.d/wg0\n# Indicate that wg0 should be created when the system boots, and on ifup -ap\n#auto wg0\n\n# describe wg0 as an IPv4 interface with static address\n#iface wg0 inet static\n\n# static IP address \n#address 192.168.15.1/32\n\n# before ifup, create the device with this ip link command\n#pre-up ip link add wg0 type wireguard\n\n# before ifup, set the WireGuard config from earlier\n#pre-up wg setconf wg0 /etc/wireguard/wg0.conf\n\n# after ifdown, destroy the wg0 interface\n#post-down ip link del wg0\nWG0-DEVICE\n\n#Set permissions\nchmod -R 600 /etc/wireguard\n\n#Start WireGuard.\n#wg-quick up wg0\n",
            "min_cpu_platform": "",
            "name": "wireguard",
            "network_interface": [
              {
                "access_config": [
                  {
                    "nat_ip": "34.91.206.191",
                    "network_tier": "PREMIUM",
                    "public_ptr_domain_name": ""
                  }
                ],
                "alias_ip_range": [],
                "ipv6_access_config": [],
                "ipv6_access_type": "",
                "name": "nic0",
                "network": "https://www.googleapis.com/compute/v1/projects/pa-nteekens-2/global/networks/tanzu",
                "network_ip": "10.10.0.2",
                "nic_type": "",
                "queue_count": 0,
                "stack_type": "IPV4_ONLY",
                "subnetwork": "https://www.googleapis.com/compute/v1/projects/pa-nteekens-2/regions/europe-west4/subnetworks/tanzu",
                "subnetwork_project": "pa-nteekens-2"
              }
            ],
            "project": "pa-nteekens-2",
            "reservation_affinity": [],
            "resource_policies": [],
            "scheduling": [
              {
                "automatic_restart": true,
                "min_node_cpus": 0,
                "node_affinities": [],
                "on_host_maintenance": "MIGRATE",
                "preemptible": false
              }
            ],
            "scratch_disk": [],
            "self_link": "https://www.googleapis.com/compute/v1/projects/pa-nteekens-2/zones/europe-west4-a/instances/wireguard",
            "service_account": [],
            "shielded_instance_config": [
              {
                "enable_integrity_monitoring": true,
                "enable_secure_boot": false,
                "enable_vtpm": true
              }
            ],
            "tags": [],
            "tags_fingerprint": "42WmSpB8rSM=",
            "timeouts": null,
            "zone": "europe-west4-a"
          },
          "sensitive_attributes": [],
          "private": "eyJlMmJmYjczMC1lY2FhLTExZTYtOGY4OC0zNDM2M2JjN2M0YzAiOnsiY3JlYXRlIjoxMjAwMDAwMDAwMDAwLCJkZWxldGUiOjEyMDAwMDAwMDAwMDAsInVwZGF0ZSI6MTIwMDAwMDAwMDAwMH0sInNjaGVtYV92ZXJzaW9uIjoiNiJ9",
          "dependencies": [
            "google_compute_address.static",
            "google_compute_network.vpc",
            "google_compute_subnetwork.subnet"
          ]
        }
      ]
    },
    {
      "mode": "managed",
      "type": "google_compute_network",
      "name": "vpc",
      "provider": "provider[\"registry.terraform.io/hashicorp/google\"]",
      "instances": [
        {
          "schema_version": 0,
          "attributes": {
            "auto_create_subnetworks": false,
            "delete_default_routes_on_create": false,
            "description": "",
            "gateway_ipv4": "",
            "id": "projects/pa-nteekens-2/global/networks/tanzu",
            "mtu": 0,
            "name": "tanzu",
            "project": "pa-nteekens-2",
            "routing_mode": "REGIONAL",
            "self_link": "https://www.googleapis.com/compute/v1/projects/pa-nteekens-2/global/networks/tanzu",
            "timeouts": null
          },
          "sensitive_attributes": [],
          "private": "eyJlMmJmYjczMC1lY2FhLTExZTYtOGY4OC0zNDM2M2JjN2M0YzAiOnsiY3JlYXRlIjoyNDAwMDAwMDAwMDAsImRlbGV0ZSI6MjQwMDAwMDAwMDAwLCJ1cGRhdGUiOjI0MDAwMDAwMDAwMH19"
        }
      ]
    },
    {
      "mode": "managed",
      "type": "google_compute_subnetwork",
      "name": "subnet",
      "provider": "provider[\"registry.terraform.io/hashicorp/google\"]",
      "instances": [
        {
          "schema_version": 0,
          "attributes": {
            "creation_timestamp": "2023-05-15T12:18:16.607-07:00",
            "description": "",
            "external_ipv6_prefix": "",
            "fingerprint": null,
            "gateway_address": "10.10.0.1",
            "id": "projects/pa-nteekens-2/regions/europe-west4/subnetworks/tanzu",
            "ip_cidr_range": "10.10.0.0/16",
            "ipv6_access_type": "",
            "ipv6_cidr_range": "",
            "log_config": [],
            "name": "tanzu",
            "network": "https://www.googleapis.com/compute/v1/projects/pa-nteekens-2/global/networks/tanzu",
            "private_ip_google_access": false,
            "private_ipv6_google_access": "DISABLE_GOOGLE_ACCESS",
            "project": "pa-nteekens-2",
            "purpose": "PRIVATE",
            "region": "europe-west4",
            "role": "",
            "secondary_ip_range": [],
            "self_link": "https://www.googleapis.com/compute/v1/projects/pa-nteekens-2/regions/europe-west4/subnetworks/tanzu",
            "stack_type": "IPV4_ONLY",
            "timeouts": null
          },
          "sensitive_attributes": [],
          "private": "eyJlMmJmYjczMC1lY2FhLTExZTYtOGY4OC0zNDM2M2JjN2M0YzAiOnsiY3JlYXRlIjozNjAwMDAwMDAwMDAsImRlbGV0ZSI6MzYwMDAwMDAwMDAwLCJ1cGRhdGUiOjM2MDAwMDAwMDAwMH19",
          "dependencies": [
            "google_compute_network.vpc"
          ]
        }
      ]
    },
    {
      "mode": "managed",
      "type": "google_container_cluster",
      "name": "primary",
      "provider": "provider[\"registry.terraform.io/hashicorp/google\"]",
      "instances": [
        {
          "schema_version": 1,
          "attributes": {
            "addons_config": [
              {
                "cloudrun_config": [],
                "horizontal_pod_autoscaling": [],
                "http_load_balancing": [],
                "network_policy_config": [
                  {
                    "disabled": true
                  }
                ]
              }
            ],
            "authenticator_groups_config": [],
            "cluster_autoscaling": [
              {
                "auto_provisioning_defaults": [],
                "enabled": false,
                "resource_limits": []
              }
            ],
            "cluster_ipv4_cidr": "10.12.0.0/21",
            "confidential_nodes": [],
            "database_encryption": [
              {
                "key_name": "",
                "state": "DECRYPTED"
              }
            ],
            "datapath_provider": "",
            "default_max_pods_per_node": 110,
            "default_snat_status": [
              {
                "disabled": false
              }
            ],
            "description": "",
            "dns_config": [],
            "enable_autopilot": false,
            "enable_binary_authorization": false,
            "enable_intranode_visibility": false,
            "enable_kubernetes_alpha": false,
            "enable_legacy_abac": false,
            "enable_shielded_nodes": true,
            "enable_tpu": false,
            "endpoint": "10.11.0.2",
            "id": "projects/pa-nteekens-2/locations/europe-west4-a/clusters/my-gke-cluster",
            "initial_node_count": 1,
            "ip_allocation_policy": [
              {
                "cluster_ipv4_cidr_block": "10.12.0.0/21",
                "cluster_secondary_range_name": "gke-my-gke-cluster-pods-174140eb",
                "services_ipv4_cidr_block": "10.14.0.0/21",
                "services_secondary_range_name": "gke-my-gke-cluster-services-174140eb"
              }
            ],
            "label_fingerprint": "a9dc16a7",
            "location": "europe-west4-a",
            "logging_config": [
              {
                "enable_components": [
                  "SYSTEM_COMPONENTS",
                  "WORKLOADS"
                ]
              }
            ],
            "logging_service": "logging.googleapis.com/kubernetes",
            "maintenance_policy": [],
            "master_auth": [
              {
                "client_certificate": "",
                "client_certificate_config": [
                  {
                    "issue_client_certificate": false
                  }
                ],
                "client_key": "",
                "cluster_ca_certificate": "LS0tLS1CRUdJTiBDRVJUSUZJQ0FURS0tLS0tCk1JSUVMVENDQXBXZ0F3SUJBZ0lSQUwraEdKSnpzZXRSeERJOVpQVnZaS3d3RFFZSktvWklodmNOQVFFTEJRQXcKTHpFdE1Dc0dBMVVFQXhNa01qYzNNVGMxWkdFdE4yRXlPQzAwTnpka0xXRXpabVF0TUdVeE1XWTVORFJrTkdSaApNQ0FYRFRJek1EVXhOVEU0TXpFME9Wb1lEekl3TlRNd05UQTNNVGt6TVRRNVdqQXZNUzB3S3dZRFZRUURFeVF5Ck56Y3hOelZrWVMwM1lUSTRMVFEzTjJRdFlUTm1aQzB3WlRFeFpqazBOR1EwWkdFd2dnR2lNQTBHQ1NxR1NJYjMKRFFFQkFRVUFBNElCandBd2dnR0tBb0lCZ1FEVlljM0xtTm85Y1U2bUJQa0R4UXNtcCtENThCbG5Ua3FuOUF0eApZbmdpTUZqa1EvYkFDS3dSR3JQZGdRejhaYnZVNEtCMWFqWk8yRUtzODFFczNLdjE1THFZMHZKNHpOMDJsZ0RZClFPR2VGQittZDdFdWxxMkhnRTlrdTRKQ0gybXI1dE0vV2RCVjdiT1g5eDNMa0ZFenR5c2g1S2NRNkFCRDVaSk8KZEt3VjQ2V28xeWhwZFFsRjFFNkxhbzJHNlBUbkVyUjVBWjY1M21HTUJsSEFRaWpXYkY0UVBDdTdHNkFuVU13Mwp0WmFDZlg0NGlsT0JDbzViWWlkaTZJMEVQbnIySVgrckVVdTZSWUY0SkxqZUd2OU01UEJxek13bEZXMDUwRlFUCngybnN5VlNFODFQbEZMMk01OFplclVKaVZqVEIrd2w0WThFUVBqZ2ZXNklNQXFyL2Ruc0hEZ295SnpyN1NXMjIKL0pQd0UxYXNMcHIxNjM3Q2lNK2JkRVNDTTV5TXd0b2Rkekh1UTQxdUFXY2NMbXlkczdBa3g5NHN5Y3Y2d3dhQQprRG0yUTZKVDl4RzJmSXFqTnFiZExrbmpQMDBDM2lSOGVSTEJDMTIrQ1E3MGJkQk8xcUc1ZnBuVnVFSXpRaDRTCkdLWG5FSmlEUGtEa1lGckFGcGRuK3ZJQnZZMENBd0VBQWFOQ01FQXdEZ1lEVlIwUEFRSC9CQVFEQWdJRU1BOEcKQTFVZEV3RUIvd1FGTUFNQkFmOHdIUVlEVlIwT0JCWUVGSGtvM0FoMGR5T0NSYXRNVE5ZQ3JCSXM4QnlFTUEwRwpDU3FHU0liM0RRRUJDd1VBQTRJQmdRQkpTdmY4Tk1RamVFU3NhU2JDNzNtZGY3RHBMbCsyS1J3dmNJTHM0Uk8rClB4U1JmeGljZUNNM1k0SWZBTjZpZE5yWDkvendPTVdIN0krT0NEUGROcFo2eXJXTXQ1Tk1lVmFQcE5ETUtLZUMKZXd6R01hbks4Mnl0STg2QTZGcVZLcFFPaEFpLzd4UmRCTThsVzBTaGcxcE56STRBRVpOMVRVdEdJOW5CdXFOVgpEUjRMQk5qMWZVaWIxalgvb0YyWW5nRWQ2cE5QRlVsSXR0eG0yeGxIaG1EaDBFdm9zTy9pellsbmdXMXJ2eW1rCmdGVVVGWXlzdzZFSnV0OWxZaHJCL3NYU0NNQkRLZnZtRHovU1h6QXJJaEgwdkJ5R0VOblF5NEppSDJUVlVPdDkKQk45aDl3NnRpeEtCb2Jia2NsY3pUZUdrYTZYNmUxSThMNWZYR1lBcmhEaitqemlScGtkeUltdzZMdFJsbGc5ZAowZnhtUmtiOE83ZlJEdUVtZjU3amozdjh2Rk5Wa1lBMUxHaFlVK3JyaDJreVA3YlcwTGMxOWlHK3djMW9qUDM4CkZjeU1LU3A0dFNHVDl1VGtQOW83bzZNOXZMeDF2UnIzNTAyL1oxZzk1aTRMSmNWSzBaK2RYeVl5cEtMVzBwUFEKQWxscFZsdTVscWVZOUQyeDhjRHhPcjg9Ci0tLS0tRU5EIENFUlRJRklDQVRFLS0tLS0K"
              }
            ],
            "master_authorized_networks_config": [
              {
                "cidr_blocks": [
                  {
                    "cidr_block": "10.10.0.0/16",
                    "display_name": "net1"
                  }
                ]
              }
            ],
            "master_version": "1.25.7-gke.1000",
            "min_master_version": null,
            "monitoring_config": [
              {
                "enable_components": [
                  "SYSTEM_COMPONENTS"
                ]
              }
            ],
            "monitoring_service": "monitoring.googleapis.com/kubernetes",
            "name": "my-gke-cluster",
            "network": "projects/pa-nteekens-2/global/networks/tanzu",
            "network_policy": [
              {
                "enabled": false,
                "provider": "PROVIDER_UNSPECIFIED"
              }
            ],
            "networking_mode": "VPC_NATIVE",
            "node_config": [],
            "node_locations": [],
            "node_pool": [],
            "node_version": "1.25.7-gke.1000",
            "operation": null,
            "private_cluster_config": [
              {
                "enable_private_endpoint": true,
                "enable_private_nodes": true,
                "master_global_access_config": [
                  {
                    "enabled": false
                  }
                ],
                "master_ipv4_cidr_block": "10.11.0.0/28",
                "peering_name": "gke-n45d15f606b52cb0e9df-a67c-a95d-peer",
                "private_endpoint": "10.11.0.2",
                "public_endpoint": "34.32.255.123"
              }
            ],
            "private_ipv6_google_access": "",
            "project": "pa-nteekens-2",
            "release_channel": [
              {
                "channel": "REGULAR"
              }
            ],
            "remove_default_node_pool": true,
            "resource_labels": null,
            "resource_usage_export_config": [],
            "self_link": "https://container.googleapis.com/v1/projects/pa-nteekens-2/zones/europe-west4-a/clusters/my-gke-cluster",
            "services_ipv4_cidr": "10.14.0.0/21",
            "subnetwork": "projects/pa-nteekens-2/regions/europe-west4/subnetworks/tanzu",
            "timeouts": null,
            "tpu_ipv4_cidr_block": "",
            "vertical_pod_autoscaling": [],
            "workload_identity_config": []
          },
          "sensitive_attributes": [],
          "private": "eyJlMmJmYjczMC1lY2FhLTExZTYtOGY4OC0zNDM2M2JjN2M0YzAiOnsiY3JlYXRlIjoyNDAwMDAwMDAwMDAwLCJkZWxldGUiOjI0MDAwMDAwMDAwMDAsInJlYWQiOjI0MDAwMDAwMDAwMDAsInVwZGF0ZSI6MzYwMDAwMDAwMDAwMH0sInNjaGVtYV92ZXJzaW9uIjoiMSJ9",
          "dependencies": [
            "google_compute_network.vpc",
            "google_compute_subnetwork.subnet"
          ]
        }
      ]
    },
    {
      "mode": "managed",
      "type": "google_container_node_pool",
      "name": "primary_nodes",
      "provider": "provider[\"registry.terraform.io/hashicorp/google\"]",
      "instances": [
        {
          "schema_version": 1,
          "attributes": {
            "autoscaling": [],
            "cluster": "my-gke-cluster",
            "id": "projects/pa-nteekens-2/locations/europe-west4-a/clusters/my-gke-cluster/nodePools/my-gke-cluster",
            "initial_node_count": 6,
            "instance_group_urls": [
              "https://www.googleapis.com/compute/v1/projects/pa-nteekens-2/zones/europe-west4-a/instanceGroupManagers/gke-my-gke-cluster-my-gke-cluster-baf01436-grp"
            ],
            "location": "europe-west4-a",
            "managed_instance_group_urls": [
              "https://www.googleapis.com/compute/v1/projects/pa-nteekens-2/zones/europe-west4-a/instanceGroups/gke-my-gke-cluster-my-gke-cluster-baf01436-grp"
            ],
            "management": [
              {
                "auto_repair": true,
                "auto_upgrade": true
              }
            ],
            "max_pods_per_node": 110,
            "name": "my-gke-cluster",
            "name_prefix": "",
            "node_config": [
              {
                "boot_disk_kms_key": "",
                "disk_size_gb": 100,
                "disk_type": "pd-balanced",
                "gcfs_config": [],
                "guest_accelerator": [],
                "image_type": "COS_CONTAINERD",
                "labels": {
                  "env": "dev"
                },
                "local_ssd_count": 0,
                "machine_type": "n1-standard-1",
                "metadata": {
                  "disable-legacy-endpoints": "true"
                },
                "min_cpu_platform": "",
                "node_group": "",
                "oauth_scopes": [
                  "https://www.googleapis.com/auth/logging.write",
                  "https://www.googleapis.com/auth/monitoring"
                ],
                "preemptible": true,
                "service_account": "default",
                "shielded_instance_config": [
                  {
                    "enable_integrity_monitoring": true,
                    "enable_secure_boot": false
                  }
                ],
                "tags": null,
                "taint": [],
                "workload_metadata_config": []
              }
            ],
            "node_count": 6,
            "node_locations": [
              "europe-west4-a"
            ],
            "operation": null,
            "project": "pa-nteekens-2",
            "timeouts": {
              "create": "30m",
              "delete": null,
              "update": "20m"
            },
            "upgrade_settings": [
              {
                "max_surge": 1,
                "max_unavailable": 0
              }
            ],
            "version": "1.25.7-gke.1000"
          },
          "sensitive_attributes": [],
          "private": "eyJlMmJmYjczMC1lY2FhLTExZTYtOGY4OC0zNDM2M2JjN2M0YzAiOnsiY3JlYXRlIjoxODAwMDAwMDAwMDAwLCJkZWxldGUiOjE4MDAwMDAwMDAwMDAsInVwZGF0ZSI6MTIwMDAwMDAwMDAwMH0sInNjaGVtYV92ZXJzaW9uIjoiMSJ9",
          "dependencies": [
            "google_compute_network.vpc",
            "google_compute_subnetwork.subnet",
            "google_container_cluster.primary"
          ]
        }
      ]
    }
  ],
  "check_results": null
}
